
Microsoft Visual Studio Solution File, Format Version 12.00
# Visual Studio Version 17
VisualStudioVersion = 17.0.31903.59
MinimumVisualStudioVersion = 10.0.40219.1
Project("{9A19103F-16F7-4668-BE54-9A1E7A4F7556}") = "ErrorOr", "ErrorOr\ErrorOr.csproj", "{39691384-F0C9-42BB-8246-40B6C72ABA26}"
EndProject
Project("{9A19103F-16F7-4668-BE54-9A1E7A4F7556}") = "Event", "Event\Event.csproj", "{B22F5FC1-5264-4973-9D62-72E63A0C8A22}"
EndProject
Project("{9A19103F-16F7-4668-BE54-9A1E7A4F7556}") = "GetMehrData", "GetMehrData\GetMehrData.csproj", "{ED445D6C-7D5C-497D-9BDD-423F8A53DBBA}"
EndProject
Project("{9A19103F-16F7-4668-BE54-9A1E7A4F7556}") = "Collections", "Collections\Collections.csproj", "{918D59C3-25EC-4417-8D79-BD4A8AAF8AFF}"
EndProject
Project("{9A19103F-16F7-4668-BE54-9A1E7A4F7556}") = "BackGroundService", "BackGroundService\BackGroundService.csproj", "{4616B522-5E4C-4AEC-992B-672A9A214FDC}"
EndProject
Project("{9A19103F-16F7-4668-BE54-9A1E7A4F7556}") = "Channels", "Channels\Channels.csproj", "{F3D873F9-46FE-4413-9D9B-D5453DF703F4}"
EndProject
Project("{9A19103F-16F7-4668-BE54-9A1E7A4F7556}") = "KeyedServiceInjection", "KeyedServiceInjection\KeyedServiceInjection.csproj", "{F8C719E6-E533-433E-B075-4D7DACE1CEB9}"
EndProject
Project("{9A19103F-16F7-4668-BE54-9A1E7A4F7556}") = "Options_Pattern", "Options_Pattern\Options_Pattern.csproj", "{459762C8-A175-458F-8D79-FA9654B6515F}"
EndProject
Project("{9A19103F-16F7-4668-BE54-9A1E7A4F7556}") = "ConcurrencyAndAsynchrony", "ConcurrencyAndAsynchrony\ConcurrencyAndAsynchrony.csproj", "{6FDBE75A-AC13-42A6-A360-75C644CEFA01}"
EndProject
Project("{FAE04EC0-301F-11D3-BF4B-00C04F79EFBC}") = "MiddlewareExample", "MiddlewareExample\MiddlewareExample.csproj", "{C163FE38-B901-4CC9-8C04-D26BA82A8BB7}"
EndProject
Project("{FAE04EC0-301F-11D3-BF4B-00C04F79EFBC}") = "csharpNewFeatures", "csharpNewFeatures\csharpNewFeatures.csproj", "{63B80B20-3DD1-4BBE-AC99-891F79EAE5F2}"
EndProject
Project("{F184B08F-C81C-45F6-A57F-5ABD9991F28F}") = "Event_Vb", "Event_Vb\Event_Vb.vbproj", "{75D51AF2-E414-4EF5-8044-CA02FE31FBDA}"
EndProject
Project("{FAE04EC0-301F-11D3-BF4B-00C04F79EFBC}") = "Position Pattern", "Position Pattern\Position Pattern.csproj", "{BFB392D4-A1FF-4D44-86FA-8D5BD3A4110F}"
EndProject
Project("{FAE04EC0-301F-11D3-BF4B-00C04F79EFBC}") = "Relational Patterns", "Relational Patterns\Relational Patterns.csproj", "{972F9909-6E8B-4F16-B7BC-A94D50A435A4}"
EndProject
Project("{FAE04EC0-301F-11D3-BF4B-00C04F79EFBC}") = "Pattern challange", "Pattern challange\Pattern challange.csproj", "{76C31F9C-6DBD-4F9C-AE9B-A8F56944465B}"
EndProject
Project("{FAE04EC0-301F-11D3-BF4B-00C04F79EFBC}") = "Indexers", "Indexers\Indexers.csproj", "{4EF138C3-B49A-410B-9D3F-25104AB73C4A}"
EndProject
Project("{FAE04EC0-301F-11D3-BF4B-00C04F79EFBC}") = "Equality Testing", "Equality Testing\Equality Testing.csproj", "{1B6EDB0E-13DB-4476-9751-5726085876FE}"
EndProject
Project("{2150E333-8FDC-42A3-9474-1A3956D46DE8}") = "Entity Framework", "Entity Framework", "{4872DBCF-9252-4E9C-954D-236171C0F7E4}"
EndProject
Project("{FAE04EC0-301F-11D3-BF4B-00C04F79EFBC}") = "PizzaShop", "PizzaShop\PizzaShop.csproj", "{0A7AE638-6F4C-4D03-B9D5-C6384F31A79D}"
EndProject
Project("{FAE04EC0-301F-11D3-BF4B-00C04F79EFBC}") = "GetScffoldFromDb", "GetScffoldFromDb\GetScffoldFromDb.csproj", "{DD027FFB-ED4D-4762-B263-8F83C76AD618}"
EndProject
Project("{2150E333-8FDC-42A3-9474-1A3956D46DE8}") = "Concurruncy", "Concurruncy", "{A5276F67-02F3-46C3-8856-E9240E7DB475}"
EndProject
Project("{FAE04EC0-301F-11D3-BF4B-00C04F79EFBC}") = "Concurrency.1", "Concurrency.1\Concurrency.1.csproj", "{99392E6B-A543-43AF-ABEF-7230BEBECDD8}"
EndProject
Global
	GlobalSection(SolutionConfigurationPlatforms) = preSolution
		Debug|Any CPU = Debug|Any CPU
		Release|Any CPU = Release|Any CPU
	EndGlobalSection
	GlobalSection(ProjectConfigurationPlatforms) = postSolution
		{39691384-F0C9-42BB-8246-40B6C72ABA26}.Debug|Any CPU.ActiveCfg = Debug|Any CPU
		{39691384-F0C9-42BB-8246-40B6C72ABA26}.Debug|Any CPU.Build.0 = Debug|Any CPU
		{39691384-F0C9-42BB-8246-40B6C72ABA26}.Release|Any CPU.ActiveCfg = Release|Any CPU
		{39691384-F0C9-42BB-8246-40B6C72ABA26}.Release|Any CPU.Build.0 = Release|Any CPU
		{B22F5FC1-5264-4973-9D62-72E63A0C8A22}.Debug|Any CPU.ActiveCfg = Debug|Any CPU
		{B22F5FC1-5264-4973-9D62-72E63A0C8A22}.Debug|Any CPU.Build.0 = Debug|Any CPU
		{B22F5FC1-5264-4973-9D62-72E63A0C8A22}.Release|Any CPU.ActiveCfg = Release|Any CPU
		{B22F5FC1-5264-4973-9D62-72E63A0C8A22}.Release|Any CPU.Build.0 = Release|Any CPU
		{ED445D6C-7D5C-497D-9BDD-423F8A53DBBA}.Debug|Any CPU.ActiveCfg = Debug|Any CPU
		{ED445D6C-7D5C-497D-9BDD-423F8A53DBBA}.Debug|Any CPU.Build.0 = Debug|Any CPU
		{ED445D6C-7D5C-497D-9BDD-423F8A53DBBA}.Release|Any CPU.ActiveCfg = Release|Any CPU
		{ED445D6C-7D5C-497D-9BDD-423F8A53DBBA}.Release|Any CPU.Build.0 = Release|Any CPU
		{918D59C3-25EC-4417-8D79-BD4A8AAF8AFF}.Debug|Any CPU.ActiveCfg = Debug|Any CPU
		{918D59C3-25EC-4417-8D79-BD4A8AAF8AFF}.Debug|Any CPU.Build.0 = Debug|Any CPU
		{918D59C3-25EC-4417-8D79-BD4A8AAF8AFF}.Release|Any CPU.ActiveCfg = Release|Any CPU
		{918D59C3-25EC-4417-8D79-BD4A8AAF8AFF}.Release|Any CPU.Build.0 = Release|Any CPU
		{4616B522-5E4C-4AEC-992B-672A9A214FDC}.Debug|Any CPU.ActiveCfg = Debug|Any CPU
		{4616B522-5E4C-4AEC-992B-672A9A214FDC}.Debug|Any CPU.Build.0 = Debug|Any CPU
		{4616B522-5E4C-4AEC-992B-672A9A214FDC}.Release|Any CPU.ActiveCfg = Release|Any CPU
		{4616B522-5E4C-4AEC-992B-672A9A214FDC}.Release|Any CPU.Build.0 = Release|Any CPU
		{F3D873F9-46FE-4413-9D9B-D5453DF703F4}.Debug|Any CPU.ActiveCfg = Debug|Any CPU
		{F3D873F9-46FE-4413-9D9B-D5453DF703F4}.Debug|Any CPU.Build.0 = Debug|Any CPU
		{F3D873F9-46FE-4413-9D9B-D5453DF703F4}.Release|Any CPU.ActiveCfg = Release|Any CPU
		{F3D873F9-46FE-4413-9D9B-D5453DF703F4}.Release|Any CPU.Build.0 = Release|Any CPU
		{F8C719E6-E533-433E-B075-4D7DACE1CEB9}.Debug|Any CPU.ActiveCfg = Debug|Any CPU
		{F8C719E6-E533-433E-B075-4D7DACE1CEB9}.Debug|Any CPU.Build.0 = Debug|Any CPU
		{F8C719E6-E533-433E-B075-4D7DACE1CEB9}.Release|Any CPU.ActiveCfg = Release|Any CPU
		{F8C719E6-E533-433E-B075-4D7DACE1CEB9}.Release|Any CPU.Build.0 = Release|Any CPU
		{459762C8-A175-458F-8D79-FA9654B6515F}.Debug|Any CPU.ActiveCfg = Debug|Any CPU
		{459762C8-A175-458F-8D79-FA9654B6515F}.Debug|Any CPU.Build.0 = Debug|Any CPU
		{459762C8-A175-458F-8D79-FA9654B6515F}.Release|Any CPU.ActiveCfg = Release|Any CPU
		{459762C8-A175-458F-8D79-FA9654B6515F}.Release|Any CPU.Build.0 = Release|Any CPU
		{6FDBE75A-AC13-42A6-A360-75C644CEFA01}.Debug|Any CPU.ActiveCfg = Debug|Any CPU
		{6FDBE75A-AC13-42A6-A360-75C644CEFA01}.Debug|Any CPU.Build.0 = Debug|Any CPU
		{6FDBE75A-AC13-42A6-A360-75C644CEFA01}.Release|Any CPU.ActiveCfg = Release|Any CPU
		{6FDBE75A-AC13-42A6-A360-75C644CEFA01}.Release|Any CPU.Build.0 = Release|Any CPU
		{C163FE38-B901-4CC9-8C04-D26BA82A8BB7}.Debug|Any CPU.ActiveCfg = Debug|Any CPU
		{C163FE38-B901-4CC9-8C04-D26BA82A8BB7}.Debug|Any CPU.Build.0 = Debug|Any CPU
		{C163FE38-B901-4CC9-8C04-D26BA82A8BB7}.Release|Any CPU.ActiveCfg = Release|Any CPU
		{C163FE38-B901-4CC9-8C04-D26BA82A8BB7}.Release|Any CPU.Build.0 = Release|Any CPU
		{63B80B20-3DD1-4BBE-AC99-891F79EAE5F2}.Debug|Any CPU.ActiveCfg = Debug|Any CPU
		{63B80B20-3DD1-4BBE-AC99-891F79EAE5F2}.Debug|Any CPU.Build.0 = Debug|Any CPU
		{63B80B20-3DD1-4BBE-AC99-891F79EAE5F2}.Release|Any CPU.ActiveCfg = Release|Any CPU
		{63B80B20-3DD1-4BBE-AC99-891F79EAE5F2}.Release|Any CPU.Build.0 = Release|Any CPU
		{75D51AF2-E414-4EF5-8044-CA02FE31FBDA}.Debug|Any CPU.ActiveCfg = Debug|Any CPU
		{75D51AF2-E414-4EF5-8044-CA02FE31FBDA}.Debug|Any CPU.Build.0 = Debug|Any CPU
		{75D51AF2-E414-4EF5-8044-CA02FE31FBDA}.Release|Any CPU.ActiveCfg = Release|Any CPU
		{75D51AF2-E414-4EF5-8044-CA02FE31FBDA}.Release|Any CPU.Build.0 = Release|Any CPU
		{BFB392D4-A1FF-4D44-86FA-8D5BD3A4110F}.Debug|Any CPU.ActiveCfg = Debug|Any CPU
		{BFB392D4-A1FF-4D44-86FA-8D5BD3A4110F}.Debug|Any CPU.Build.0 = Debug|Any CPU
		{BFB392D4-A1FF-4D44-86FA-8D5BD3A4110F}.Release|Any CPU.ActiveCfg = Release|Any CPU
		{BFB392D4-A1FF-4D44-86FA-8D5BD3A4110F}.Release|Any CPU.Build.0 = Release|Any CPU
		{972F9909-6E8B-4F16-B7BC-A94D50A435A4}.Debug|Any CPU.ActiveCfg = Debug|Any CPU
		{972F9909-6E8B-4F16-B7BC-A94D50A435A4}.Debug|Any CPU.Build.0 = Debug|Any CPU
		{972F9909-6E8B-4F16-B7BC-A94D50A435A4}.Release|Any CPU.ActiveCfg = Release|Any CPU
		{972F9909-6E8B-4F16-B7BC-A94D50A435A4}.Release|Any CPU.Build.0 = Release|Any CPU
		{76C31F9C-6DBD-4F9C-AE9B-A8F56944465B}.Debug|Any CPU.ActiveCfg = Debug|Any CPU
		{76C31F9C-6DBD-4F9C-AE9B-A8F56944465B}.Debug|Any CPU.Build.0 = Debug|Any CPU
		{76C31F9C-6DBD-4F9C-AE9B-A8F56944465B}.Release|Any CPU.ActiveCfg = Release|Any CPU
		{76C31F9C-6DBD-4F9C-AE9B-A8F56944465B}.Release|Any CPU.Build.0 = Release|Any CPU
		{4EF138C3-B49A-410B-9D3F-25104AB73C4A}.Debug|Any CPU.ActiveCfg = Debug|Any CPU
		{4EF138C3-B49A-410B-9D3F-25104AB73C4A}.Debug|Any CPU.Build.0 = Debug|Any CPU
		{4EF138C3-B49A-410B-9D3F-25104AB73C4A}.Release|Any CPU.ActiveCfg = Release|Any CPU
		{4EF138C3-B49A-410B-9D3F-25104AB73C4A}.Release|Any CPU.Build.0 = Release|Any CPU
		{1B6EDB0E-13DB-4476-9751-5726085876FE}.Debug|Any CPU.ActiveCfg = Debug|Any CPU
		{1B6EDB0E-13DB-4476-9751-5726085876FE}.Debug|Any CPU.Build.0 = Debug|Any CPU
		{1B6EDB0E-13DB-4476-9751-5726085876FE}.Release|Any CPU.ActiveCfg = Release|Any CPU
		{1B6EDB0E-13DB-4476-9751-5726085876FE}.Release|Any CPU.Build.0 = Release|Any CPU
		{0A7AE638-6F4C-4D03-B9D5-C6384F31A79D}.Debug|Any CPU.ActiveCfg = Debug|Any CPU
		{0A7AE638-6F4C-4D03-B9D5-C6384F31A79D}.Debug|Any CPU.Build.0 = Debug|Any CPU
		{0A7AE638-6F4C-4D03-B9D5-C6384F31A79D}.Release|Any CPU.ActiveCfg = Release|Any CPU
		{0A7AE638-6F4C-4D03-B9D5-C6384F31A79D}.Release|Any CPU.Build.0 = Release|Any CPU
		{DD027FFB-ED4D-4762-B263-8F83C76AD618}.Debug|Any CPU.ActiveCfg = Debug|Any CPU
		{DD027FFB-ED4D-4762-B263-8F83C76AD618}.Debug|Any CPU.Build.0 = Debug|Any CPU
		{DD027FFB-ED4D-4762-B263-8F83C76AD618}.Release|Any CPU.ActiveCfg = Release|Any CPU
		{DD027FFB-ED4D-4762-B263-8F83C76AD618}.Release|Any CPU.Build.0 = Release|Any CPU
		{99392E6B-A543-43AF-ABEF-7230BEBECDD8}.Debug|Any CPU.ActiveCfg = Debug|Any CPU
		{99392E6B-A543-43AF-ABEF-7230BEBECDD8}.Debug|Any CPU.Build.0 = Debug|Any CPU
		{99392E6B-A543-43AF-ABEF-7230BEBECDD8}.Release|Any CPU.ActiveCfg = Release|Any CPU
		{99392E6B-A543-43AF-ABEF-7230BEBECDD8}.Release|Any CPU.Build.0 = Release|Any CPU
	EndGlobalSection
	GlobalSection(SolutionProperties) = preSolution
		HideSolutionNode = FALSE
	EndGlobalSection
	GlobalSection(NestedProjects) = preSolution
		{0A7AE638-6F4C-4D03-B9D5-C6384F31A79D} = {4872DBCF-9252-4E9C-954D-236171C0F7E4}
		{DD027FFB-ED4D-4762-B263-8F83C76AD618} = {4872DBCF-9252-4E9C-954D-236171C0F7E4}
		{99392E6B-A543-43AF-ABEF-7230BEBECDD8} = {A5276F67-02F3-46C3-8856-E9240E7DB475}
	EndGlobalSection
	GlobalSection(ExtensibilityGlobals) = postSolution
		SolutionGuid = {73C29754-5A25-455E-90BC-225A80DDD6F7}
	EndGlobalSection
EndGlobal
