
Microsoft Visual Studio Solution File, Format Version 12.00
# Visual Studio Version 17
VisualStudioVersion = 17.0.31903.59
MinimumVisualStudioVersion = 10.0.40219.1
Project("{9A19103F-16F7-4668-BE54-9A1E7A4F7556}") = "ErrorOr", "ErrorOr\ErrorOr.csproj", "{39691384-F0C9-42BB-8246-40B6C72ABA26}"
EndProject
Project("{9A19103F-16F7-4668-BE54-9A1E7A4F7556}") = "Event", "Event\Event.csproj", "{B22F5FC1-5264-4973-9D62-72E63A0C8A22}"
EndProject
Project("{9A19103F-16F7-4668-BE54-9A1E7A4F7556}") = "GetMehrData", "GetMehrData\GetMehrData.csproj", "{ED445D6C-7D5C-497D-9BDD-423F8A53DBBA}"
EndProject
Project("{9A19103F-16F7-4668-BE54-9A1E7A4F7556}") = "Collections", "Collections\Collections.csproj", "{918D59C3-25EC-4417-8D79-BD4A8AAF8AFF}"
EndProject
Project("{FAE04EC0-301F-11D3-BF4B-00C04F79EFBC}") = "BackGroundService", "BackGroundService\BackGroundService.csproj", "{4616B522-5E4C-4AEC-992B-672A9A214FDC}"
EndProject
Global
	GlobalSection(SolutionConfigurationPlatforms) = preSolution
		Debug|Any CPU = Debug|Any CPU
		Release|Any CPU = Release|Any CPU
	EndGlobalSection
	GlobalSection(ProjectConfigurationPlatforms) = postSolution
		{39691384-F0C9-42BB-8246-40B6C72ABA26}.Debug|Any CPU.ActiveCfg = Debug|Any CPU
		{39691384-F0C9-42BB-8246-40B6C72ABA26}.Debug|Any CPU.Build.0 = Debug|Any CPU
		{39691384-F0C9-42BB-8246-40B6C72ABA26}.Release|Any CPU.ActiveCfg = Release|Any CPU
		{39691384-F0C9-42BB-8246-40B6C72ABA26}.Release|Any CPU.Build.0 = Release|Any CPU
		{B22F5FC1-5264-4973-9D62-72E63A0C8A22}.Debug|Any CPU.ActiveCfg = Debug|Any CPU
		{B22F5FC1-5264-4973-9D62-72E63A0C8A22}.Debug|Any CPU.Build.0 = Debug|Any CPU
		{B22F5FC1-5264-4973-9D62-72E63A0C8A22}.Release|Any CPU.ActiveCfg = Release|Any CPU
		{B22F5FC1-5264-4973-9D62-72E63A0C8A22}.Release|Any CPU.Build.0 = Release|Any CPU
		{ED445D6C-7D5C-497D-9BDD-423F8A53DBBA}.Debug|Any CPU.ActiveCfg = Debug|Any CPU
		{ED445D6C-7D5C-497D-9BDD-423F8A53DBBA}.Debug|Any CPU.Build.0 = Debug|Any CPU
		{ED445D6C-7D5C-497D-9BDD-423F8A53DBBA}.Release|Any CPU.ActiveCfg = Release|Any CPU
		{ED445D6C-7D5C-497D-9BDD-423F8A53DBBA}.Release|Any CPU.Build.0 = Release|Any CPU
		{918D59C3-25EC-4417-8D79-BD4A8AAF8AFF}.Debug|Any CPU.ActiveCfg = Debug|Any CPU
		{918D59C3-25EC-4417-8D79-BD4A8AAF8AFF}.Debug|Any CPU.Build.0 = Debug|Any CPU
		{918D59C3-25EC-4417-8D79-BD4A8AAF8AFF}.Release|Any CPU.ActiveCfg = Release|Any CPU
		{918D59C3-25EC-4417-8D79-BD4A8AAF8AFF}.Release|Any CPU.Build.0 = Release|Any CPU
		{4616B522-5E4C-4AEC-992B-672A9A214FDC}.Debug|Any CPU.ActiveCfg = Debug|Any CPU
		{4616B522-5E4C-4AEC-992B-672A9A214FDC}.Debug|Any CPU.Build.0 = Debug|Any CPU
		{4616B522-5E4C-4AEC-992B-672A9A214FDC}.Release|Any CPU.ActiveCfg = Release|Any CPU
		{4616B522-5E4C-4AEC-992B-672A9A214FDC}.Release|Any CPU.Build.0 = Release|Any CPU
	EndGlobalSection
	GlobalSection(SolutionProperties) = preSolution
		HideSolutionNode = FALSE
	EndGlobalSection
	GlobalSection(ExtensibilityGlobals) = postSolution
		SolutionGuid = {73C29754-5A25-455E-90BC-225A80DDD6F7}
	EndGlobalSection
EndGlobal
